
Microsoft Visual Studio Solution File, Format Version 12.00
# Visual Studio Version 17
VisualStudioVersion = 17.10.34825.169
MinimumVisualStudioVersion = 10.0.40219.1
Project("{9A19103F-16F7-4668-BE54-9A1E7A4F7556}") = "RestClientExample.RestApi", "RestClientExample.RestApi\RestClientExample.RestApi.csproj", "{9861C8BB-E7EB-451E-8621-4C4B042AAB7B}"
EndProject
Project("{9A19103F-16F7-4668-BE54-9A1E7A4F7556}") = "RestClientExample.BlazorWasm", "RestClientExample.BlazorWasm\RestClientExample.BlazorWasm.csproj", "{943848E9-E23C-42CA-ADCD-4B10EEB122E7}"
EndProject
Global
	GlobalSection(SolutionConfigurationPlatforms) = preSolution
		Debug|Any CPU = Debug|Any CPU
		Release|Any CPU = Release|Any CPU
	EndGlobalSection
	GlobalSection(ProjectConfigurationPlatforms) = postSolution
		{9861C8BB-E7EB-451E-8621-4C4B042AAB7B}.Debug|Any CPU.ActiveCfg = Debug|Any CPU
		{9861C8BB-E7EB-451E-8621-4C4B042AAB7B}.Debug|Any CPU.Build.0 = Debug|Any CPU
		{9861C8BB-E7EB-451E-8621-4C4B042AAB7B}.Release|Any CPU.ActiveCfg = Release|Any CPU
		{9861C8BB-E7EB-451E-8621-4C4B042AAB7B}.Release|Any CPU.Build.0 = Release|Any CPU
		{943848E9-E23C-42CA-ADCD-4B10EEB122E7}.Debug|Any CPU.ActiveCfg = Debug|Any CPU
		{943848E9-E23C-42CA-ADCD-4B10EEB122E7}.Debug|Any CPU.Build.0 = Debug|Any CPU
		{943848E9-E23C-42CA-ADCD-4B10EEB122E7}.Release|Any CPU.ActiveCfg = Release|Any CPU
		{943848E9-E23C-42CA-ADCD-4B10EEB122E7}.Release|Any CPU.Build.0 = Release|Any CPU
	EndGlobalSection
	GlobalSection(SolutionProperties) = preSolution
		HideSolutionNode = FALSE
	EndGlobalSection
	GlobalSection(ExtensibilityGlobals) = postSolution
		SolutionGuid = {80E42000-D202-4654-9AB6-CDE2C0DA658F}
	EndGlobalSection
EndGlobal
